// !$*UTF8*$!
{
	archiveVersion = 1;
	classes = {
	};
	objectVersion = 56;
	objects = {

/* Begin PBXBuildFile section */
		13E691342A2FCB75007D09F3 /* MovieIds.swift in Sources */ = {isa = PBXBuildFile; fileRef = 13E691332A2FCB75007D09F3 /* MovieIds.swift */; };
		13E691362A2FCC48007D09F3 /* MovieDetails.swift in Sources */ = {isa = PBXBuildFile; fileRef = 13E691352A2FCC48007D09F3 /* MovieDetails.swift */; };
		13E691382A2FCE75007D09F3 /* MovieManager.swift in Sources */ = {isa = PBXBuildFile; fileRef = 13E691372A2FCE75007D09F3 /* MovieManager.swift */; };
		316AC1752A0FE49F00677FCE /* AppDelegate.swift in Sources */ = {isa = PBXBuildFile; fileRef = 316AC1742A0FE49F00677FCE /* AppDelegate.swift */; };
		316AC1772A0FE49F00677FCE /* SceneDelegate.swift in Sources */ = {isa = PBXBuildFile; fileRef = 316AC1762A0FE49F00677FCE /* SceneDelegate.swift */; };
		316AC1792A0FE49F00677FCE /* AuthenticationViewController.swift in Sources */ = {isa = PBXBuildFile; fileRef = 316AC1782A0FE49F00677FCE /* AuthenticationViewController.swift */; };
		316AC17C2A0FE49F00677FCE /* Main.storyboard in Resources */ = {isa = PBXBuildFile; fileRef = 316AC17A2A0FE49F00677FCE /* Main.storyboard */; };
		316AC17E2A0FE4A000677FCE /* Assets.xcassets in Resources */ = {isa = PBXBuildFile; fileRef = 316AC17D2A0FE4A000677FCE /* Assets.xcassets */; };
		316AC1812A0FE4A000677FCE /* LaunchScreen.storyboard in Resources */ = {isa = PBXBuildFile; fileRef = 316AC17F2A0FE4A000677FCE /* LaunchScreen.storyboard */; };
		316AC1902A0FE5AC00677FCE /* README.md in Resources */ = {isa = PBXBuildFile; fileRef = 316AC18F2A0FE5AC00677FCE /* README.md */; };
		316AC19E2A0FE7F800677FCE /* User.swift in Sources */ = {isa = PBXBuildFile; fileRef = 316AC19D2A0FE7F800677FCE /* User.swift */; };
		316AC1A02A0FE7FF00677FCE /* Movie.swift in Sources */ = {isa = PBXBuildFile; fileRef = 316AC19F2A0FE7FF00677FCE /* Movie.swift */; };
		316AC1A22A0FE81300677FCE /* FirebaseManager.swift in Sources */ = {isa = PBXBuildFile; fileRef = 316AC1A12A0FE81300677FCE /* FirebaseManager.swift */; };
		316AC1A42A0FE81D00677FCE /* GenreSelectionHelper.swift in Sources */ = {isa = PBXBuildFile; fileRef = 316AC1A32A0FE81D00677FCE /* GenreSelectionHelper.swift */; };
		316AC1A62A0FE82A00677FCE /* SwipeManager.swift in Sources */ = {isa = PBXBuildFile; fileRef = 316AC1A52A0FE82A00677FCE /* SwipeManager.swift */; };
		316AC1A92A0FE84800677FCE /* MovieListAPI.swift in Sources */ = {isa = PBXBuildFile; fileRef = 316AC1A82A0FE84800677FCE /* MovieListAPI.swift */; };
		316AC1AB2A0FE9A100677FCE /* HomeViewController.swift in Sources */ = {isa = PBXBuildFile; fileRef = 316AC1AA2A0FE9A100677FCE /* HomeViewController.swift */; };
		316AC1AD2A0FE9C900677FCE /* ProfileViewController.swift in Sources */ = {isa = PBXBuildFile; fileRef = 316AC1AC2A0FE9C900677FCE /* ProfileViewController.swift */; };
		316AC1AF2A0FE9DC00677FCE /* WatchListViewController.swift in Sources */ = {isa = PBXBuildFile; fileRef = 316AC1AE2A0FE9DC00677FCE /* WatchListViewController.swift */; };
		316AC1B12A0FE9F200677FCE /* BrowseViewController.swift in Sources */ = {isa = PBXBuildFile; fileRef = 316AC1B02A0FE9F200677FCE /* BrowseViewController.swift */; };
		316AC1B32A0FEA0100677FCE /* OnboardingViewController.swift in Sources */ = {isa = PBXBuildFile; fileRef = 316AC1B22A0FEA0100677FCE /* OnboardingViewController.swift */; };
		316AC1B72A0FEA8600677FCE /* SwipeBrain.swift in Sources */ = {isa = PBXBuildFile; fileRef = 316AC1B62A0FEA8600677FCE /* SwipeBrain.swift */; };
		31F635ED2A1A83C000D40775 /* Auth.storyboard in Resources */ = {isa = PBXBuildFile; fileRef = 31F635EC2A1A83C000D40775 /* Auth.storyboard */; };
		8CA3C13C47E48D50417CD809 /* Pods_MovieNight_iOS.framework in Frameworks */ = {isa = PBXBuildFile; fileRef = 14FF23DDD84405F0BFF9AA16 /* Pods_MovieNight_iOS.framework */; };
		E7385E612A14E0F50048599B /* LoginViewController.swift in Sources */ = {isa = PBXBuildFile; fileRef = E7385E602A14E0F50048599B /* LoginViewController.swift */; };
		E7385E632A14E1020048599B /* SignUpViewController.swift in Sources */ = {isa = PBXBuildFile; fileRef = E7385E622A14E1020048599B /* SignUpViewController.swift */; };
		E73FB0C42A177CAC005B3EE6 /* Defaults.extension.swift in Sources */ = {isa = PBXBuildFile; fileRef = E73FB0C32A177CAC005B3EE6 /* Defaults.extension.swift */; };
		E73FB0C62A178804005B3EE6 /* Strings.strings in Resources */ = {isa = PBXBuildFile; fileRef = E73FB0C52A178804005B3EE6 /* Strings.strings */; };
		E7D28CDE2A151FB9001033C5 /* GoogleService-Info.plist in Resources */ = {isa = PBXBuildFile; fileRef = E7D28CDD2A151FB9001033C5 /* GoogleService-Info.plist */; };
		E7D28CE02A155D9E001033C5 /* Utilities.swift in Sources */ = {isa = PBXBuildFile; fileRef = E7D28CDF2A155D9E001033C5 /* Utilities.swift */; };
		E7EE5E662A1582AA00608DE2 /* Images.xcassets in Resources */ = {isa = PBXBuildFile; fileRef = E7EE5E652A1582AA00608DE2 /* Images.xcassets */; };
		E7F82E612A40E36F0006599D /* Poppins-Medium.ttf in Resources */ = {isa = PBXBuildFile; fileRef = E7F82E602A40E36F0006599D /* Poppins-Medium.ttf */; };
		E7F82E622A40E3820006599D /* Poppins-Bold.ttf in Resources */ = {isa = PBXBuildFile; fileRef = E7A61DDC2A40E0B000B90040 /* Poppins-Bold.ttf */; };
		E7F82E632A40E3840006599D /* Poppins-Bold.ttf in Resources */ = {isa = PBXBuildFile; fileRef = E7A61DDA2A40E09B00B90040 /* Poppins-Bold.ttf */; };
		E7F82E642A40E3860006599D /* Poppins-Regular.ttf in Resources */ = {isa = PBXBuildFile; fileRef = E7A61DDB2A40E0A600B90040 /* Poppins-Regular.ttf */; };
/* End PBXBuildFile section */

/* Begin PBXFileReference section */
		13E691332A2FCB75007D09F3 /* MovieIds.swift */ = {isa = PBXFileReference; lastKnownFileType = sourcecode.swift; path = MovieIds.swift; sourceTree = "<group>"; };
		13E691352A2FCC48007D09F3 /* MovieDetails.swift */ = {isa = PBXFileReference; lastKnownFileType = sourcecode.swift; path = MovieDetails.swift; sourceTree = "<group>"; };
		13E691372A2FCE75007D09F3 /* MovieManager.swift */ = {isa = PBXFileReference; lastKnownFileType = sourcecode.swift; path = MovieManager.swift; sourceTree = "<group>"; };
		14FF23DDD84405F0BFF9AA16 /* Pods_MovieNight_iOS.framework */ = {isa = PBXFileReference; explicitFileType = wrapper.framework; includeInIndex = 0; path = Pods_MovieNight_iOS.framework; sourceTree = BUILT_PRODUCTS_DIR; };
		316AC1712A0FE49F00677FCE /* MovieNight-iOS.app */ = {isa = PBXFileReference; explicitFileType = wrapper.application; includeInIndex = 0; path = "MovieNight-iOS.app"; sourceTree = BUILT_PRODUCTS_DIR; };
		316AC1742A0FE49F00677FCE /* AppDelegate.swift */ = {isa = PBXFileReference; lastKnownFileType = sourcecode.swift; path = AppDelegate.swift; sourceTree = "<group>"; };
		316AC1762A0FE49F00677FCE /* SceneDelegate.swift */ = {isa = PBXFileReference; lastKnownFileType = sourcecode.swift; path = SceneDelegate.swift; sourceTree = "<group>"; };
		316AC1782A0FE49F00677FCE /* AuthenticationViewController.swift */ = {isa = PBXFileReference; lastKnownFileType = sourcecode.swift; path = AuthenticationViewController.swift; sourceTree = "<group>"; };
		316AC17B2A0FE49F00677FCE /* Base */ = {isa = PBXFileReference; lastKnownFileType = file.storyboard; name = Base; path = Base.lproj/Main.storyboard; sourceTree = "<group>"; };
		316AC17D2A0FE4A000677FCE /* Assets.xcassets */ = {isa = PBXFileReference; lastKnownFileType = folder.assetcatalog; path = Assets.xcassets; sourceTree = "<group>"; };
		316AC1802A0FE4A000677FCE /* Base */ = {isa = PBXFileReference; lastKnownFileType = file.storyboard; name = Base; path = Base.lproj/LaunchScreen.storyboard; sourceTree = "<group>"; };
		316AC1822A0FE4A000677FCE /* Info.plist */ = {isa = PBXFileReference; lastKnownFileType = text.plist.xml; path = Info.plist; sourceTree = "<group>"; };
		316AC18F2A0FE5AC00677FCE /* README.md */ = {isa = PBXFileReference; lastKnownFileType = net.daringfireball.markdown; path = README.md; sourceTree = "<group>"; };
		316AC19D2A0FE7F800677FCE /* User.swift */ = {isa = PBXFileReference; lastKnownFileType = sourcecode.swift; path = User.swift; sourceTree = "<group>"; };
		316AC19F2A0FE7FF00677FCE /* Movie.swift */ = {isa = PBXFileReference; lastKnownFileType = sourcecode.swift; path = Movie.swift; sourceTree = "<group>"; };
		316AC1A12A0FE81300677FCE /* FirebaseManager.swift */ = {isa = PBXFileReference; lastKnownFileType = sourcecode.swift; path = FirebaseManager.swift; sourceTree = "<group>"; };
		316AC1A32A0FE81D00677FCE /* GenreSelectionHelper.swift */ = {isa = PBXFileReference; lastKnownFileType = sourcecode.swift; path = GenreSelectionHelper.swift; sourceTree = "<group>"; };
		316AC1A52A0FE82A00677FCE /* SwipeManager.swift */ = {isa = PBXFileReference; lastKnownFileType = sourcecode.swift; path = SwipeManager.swift; sourceTree = "<group>"; };
		316AC1A82A0FE84800677FCE /* MovieListAPI.swift */ = {isa = PBXFileReference; lastKnownFileType = sourcecode.swift; path = MovieListAPI.swift; sourceTree = "<group>"; };
		316AC1AA2A0FE9A100677FCE /* HomeViewController.swift */ = {isa = PBXFileReference; lastKnownFileType = sourcecode.swift; path = HomeViewController.swift; sourceTree = "<group>"; };
		316AC1AC2A0FE9C900677FCE /* ProfileViewController.swift */ = {isa = PBXFileReference; lastKnownFileType = sourcecode.swift; path = ProfileViewController.swift; sourceTree = "<group>"; };
		316AC1AE2A0FE9DC00677FCE /* WatchListViewController.swift */ = {isa = PBXFileReference; lastKnownFileType = sourcecode.swift; path = WatchListViewController.swift; sourceTree = "<group>"; };
		316AC1B02A0FE9F200677FCE /* BrowseViewController.swift */ = {isa = PBXFileReference; lastKnownFileType = sourcecode.swift; path = BrowseViewController.swift; sourceTree = "<group>"; };
		316AC1B22A0FEA0100677FCE /* OnboardingViewController.swift */ = {isa = PBXFileReference; lastKnownFileType = sourcecode.swift; path = OnboardingViewController.swift; sourceTree = "<group>"; };
		316AC1B62A0FEA8600677FCE /* SwipeBrain.swift */ = {isa = PBXFileReference; lastKnownFileType = sourcecode.swift; path = SwipeBrain.swift; sourceTree = "<group>"; };
		31F635EC2A1A83C000D40775 /* Auth.storyboard */ = {isa = PBXFileReference; lastKnownFileType = file.storyboard; path = Auth.storyboard; sourceTree = "<group>"; };
		54E96FD80F4F8164426B138C /* Pods-MovieNight-iOS.debug.xcconfig */ = {isa = PBXFileReference; includeInIndex = 1; lastKnownFileType = text.xcconfig; name = "Pods-MovieNight-iOS.debug.xcconfig"; path = "Target Support Files/Pods-MovieNight-iOS/Pods-MovieNight-iOS.debug.xcconfig"; sourceTree = "<group>"; };
		AB892657357DFF92DE10A9E2 /* Pods-MovieNight-iOS.release.xcconfig */ = {isa = PBXFileReference; includeInIndex = 1; lastKnownFileType = text.xcconfig; name = "Pods-MovieNight-iOS.release.xcconfig"; path = "Target Support Files/Pods-MovieNight-iOS/Pods-MovieNight-iOS.release.xcconfig"; sourceTree = "<group>"; };
		E7385E602A14E0F50048599B /* LoginViewController.swift */ = {isa = PBXFileReference; lastKnownFileType = sourcecode.swift; path = LoginViewController.swift; sourceTree = "<group>"; };
		E7385E622A14E1020048599B /* SignUpViewController.swift */ = {isa = PBXFileReference; lastKnownFileType = sourcecode.swift; path = SignUpViewController.swift; sourceTree = "<group>"; };
		E73FB0C32A177CAC005B3EE6 /* Defaults.extension.swift */ = {isa = PBXFileReference; lastKnownFileType = sourcecode.swift; path = Defaults.extension.swift; sourceTree = "<group>"; };
		E73FB0C52A178804005B3EE6 /* Strings.strings */ = {isa = PBXFileReference; fileEncoding = 4; lastKnownFileType = text.plist.strings; path = Strings.strings; sourceTree = "<group>"; };
		E7A61DDA2A40E09B00B90040 /* Poppins-Bold.ttf */ = {isa = PBXFileReference; lastKnownFileType = file; path = "Poppins-Bold.ttf"; sourceTree = "<group>"; };
		E7A61DDB2A40E0A600B90040 /* Poppins-Regular.ttf */ = {isa = PBXFileReference; lastKnownFileType = file; path = "Poppins-Regular.ttf"; sourceTree = "<group>"; };
		E7A61DDC2A40E0B000B90040 /* Poppins-Bold.ttf */ = {isa = PBXFileReference; lastKnownFileType = file; path = "Poppins-Bold.ttf"; sourceTree = "<group>"; };
		E7D28CDD2A151FB9001033C5 /* GoogleService-Info.plist */ = {isa = PBXFileReference; fileEncoding = 4; lastKnownFileType = text.plist.xml; path = "GoogleService-Info.plist"; sourceTree = "<group>"; };
		E7D28CDF2A155D9E001033C5 /* Utilities.swift */ = {isa = PBXFileReference; lastKnownFileType = sourcecode.swift; path = Utilities.swift; sourceTree = "<group>"; };
		E7EE5E652A1582AA00608DE2 /* Images.xcassets */ = {isa = PBXFileReference; lastKnownFileType = folder.assetcatalog; path = Images.xcassets; sourceTree = "<group>"; };
		E7F82E602A40E36F0006599D /* Poppins-Medium.ttf */ = {isa = PBXFileReference; lastKnownFileType = file; path = "Poppins-Medium.ttf"; sourceTree = "<group>"; };
/* End PBXFileReference section */

/* Begin PBXFrameworksBuildPhase section */
		316AC16E2A0FE49F00677FCE /* Frameworks */ = {
			isa = PBXFrameworksBuildPhase;
			buildActionMask = 2147483647;
			files = (
				8CA3C13C47E48D50417CD809 /* Pods_MovieNight_iOS.framework in Frameworks */,
			);
			runOnlyForDeploymentPostprocessing = 0;
		};
/* End PBXFrameworksBuildPhase section */

/* Begin PBXGroup section */
		00567CE954DA387A024053B6 /* Frameworks */ = {
			isa = PBXGroup;
			children = (
				14FF23DDD84405F0BFF9AA16 /* Pods_MovieNight_iOS.framework */,
			);
			name = Frameworks;
			sourceTree = "<group>";
		};
		0C7D298DC52EB0F9C3BB32A8 /* Pods */ = {
			isa = PBXGroup;
			children = (
				54E96FD80F4F8164426B138C /* Pods-MovieNight-iOS.debug.xcconfig */,
				AB892657357DFF92DE10A9E2 /* Pods-MovieNight-iOS.release.xcconfig */,
			);
			path = Pods;
			sourceTree = "<group>";
		};
		316AC1682A0FE49F00677FCE = {
			isa = PBXGroup;
			children = (
				316AC18F2A0FE5AC00677FCE /* README.md */,
				316AC1732A0FE49F00677FCE /* MovieNight-iOS */,
				316AC1722A0FE49F00677FCE /* Products */,
				0C7D298DC52EB0F9C3BB32A8 /* Pods */,
				00567CE954DA387A024053B6 /* Frameworks */,
			);
			sourceTree = "<group>";
		};
		316AC1722A0FE49F00677FCE /* Products */ = {
			isa = PBXGroup;
			children = (
				316AC1712A0FE49F00677FCE /* MovieNight-iOS.app */,
			);
			name = Products;
			sourceTree = "<group>";
		};
		316AC1732A0FE49F00677FCE /* MovieNight-iOS */ = {
			isa = PBXGroup;
			children = (
				316AC1892A0FE4FB00677FCE /* Models */,
				316AC18A2A0FE51300677FCE /* Views */,
				316AC1882A0FE4EF00677FCE /* Controllers */,
				E7A61DD92A40E04E00B90040 /* Fonts */,
				316AC18C2A0FE52300677FCE /* Helpers */,
				316AC1A72A0FE83C00677FCE /* Networking */,
				316AC18E2A0FE53B00677FCE /* Resources */,
				316AC1742A0FE49F00677FCE /* AppDelegate.swift */,
				316AC1762A0FE49F00677FCE /* SceneDelegate.swift */,
				E7D28CDD2A151FB9001033C5 /* GoogleService-Info.plist */,
				316AC1822A0FE4A000677FCE /* Info.plist */,
			);
			path = "MovieNight-iOS";
			sourceTree = "<group>";
		};
		316AC1882A0FE4EF00677FCE /* Controllers */ = {
			isa = PBXGroup;
			children = (
				316AC1782A0FE49F00677FCE /* AuthenticationViewController.swift */,
				316AC1B22A0FEA0100677FCE /* OnboardingViewController.swift */,
				316AC1AA2A0FE9A100677FCE /* HomeViewController.swift */,
				316AC1AC2A0FE9C900677FCE /* ProfileViewController.swift */,
				316AC1AE2A0FE9DC00677FCE /* WatchListViewController.swift */,
				316AC1B02A0FE9F200677FCE /* BrowseViewController.swift */,
				E7385E602A14E0F50048599B /* LoginViewController.swift */,
				E7385E622A14E1020048599B /* SignUpViewController.swift */,
			);
			path = Controllers;
			sourceTree = "<group>";
		};
		316AC1892A0FE4FB00677FCE /* Models */ = {
			isa = PBXGroup;
			children = (
				316AC19D2A0FE7F800677FCE /* User.swift */,
				316AC19F2A0FE7FF00677FCE /* Movie.swift */,
				316AC1B62A0FEA8600677FCE /* SwipeBrain.swift */,
				13E691332A2FCB75007D09F3 /* MovieIds.swift */,
				13E691352A2FCC48007D09F3 /* MovieDetails.swift */,
				13E691372A2FCE75007D09F3 /* MovieManager.swift */,
			);
			path = Models;
			sourceTree = "<group>";
		};
		316AC18A2A0FE51300677FCE /* Views */ = {
			isa = PBXGroup;
			children = (
				316AC17A2A0FE49F00677FCE /* Main.storyboard */,
				316AC17F2A0FE4A000677FCE /* LaunchScreen.storyboard */,
				31F635EC2A1A83C000D40775 /* Auth.storyboard */,
			);
			path = Views;
			sourceTree = "<group>";
		};
		316AC18C2A0FE52300677FCE /* Helpers */ = {
			isa = PBXGroup;
			children = (
				E7EE5E652A1582AA00608DE2 /* Images.xcassets */,
				E73FB0C52A178804005B3EE6 /* Strings.strings */,
				316AC1A12A0FE81300677FCE /* FirebaseManager.swift */,
				316AC1A32A0FE81D00677FCE /* GenreSelectionHelper.swift */,
				316AC1A52A0FE82A00677FCE /* SwipeManager.swift */,
				E7D28CDF2A155D9E001033C5 /* Utilities.swift */,
				E73FB0C32A177CAC005B3EE6 /* Defaults.extension.swift */,
			);
			path = Helpers;
			sourceTree = "<group>";
		};
		316AC18E2A0FE53B00677FCE /* Resources */ = {
			isa = PBXGroup;
			children = (
				316AC17D2A0FE4A000677FCE /* Assets.xcassets */,
			);
			path = Resources;
			sourceTree = "<group>";
		};
		316AC1A72A0FE83C00677FCE /* Networking */ = {
			isa = PBXGroup;
			children = (
				316AC1A82A0FE84800677FCE /* MovieListAPI.swift */,
			);
			path = Networking;
			sourceTree = "<group>";
		};
		E7A61DD92A40E04E00B90040 /* Fonts */ = {
			isa = PBXGroup;
			children = (
				E7F82E602A40E36F0006599D /* Poppins-Medium.ttf */,
				E7A61DDC2A40E0B000B90040 /* Poppins-Bold.ttf */,
				E7A61DDA2A40E09B00B90040 /* Poppins-Bold.ttf */,
				E7A61DDB2A40E0A600B90040 /* Poppins-Regular.ttf */,
			);
			path = Fonts;
			sourceTree = "<group>";
		};
/* End PBXGroup section */

/* Begin PBXNativeTarget section */
		316AC1702A0FE49F00677FCE /* MovieNight-iOS */ = {
			isa = PBXNativeTarget;
			buildConfigurationList = 316AC1852A0FE4A000677FCE /* Build configuration list for PBXNativeTarget "MovieNight-iOS" */;
			buildPhases = (
				1DE85637E78842FF3C08D407 /* [CP] Check Pods Manifest.lock */,
				316AC16D2A0FE49F00677FCE /* Sources */,
				316AC16E2A0FE49F00677FCE /* Frameworks */,
				316AC16F2A0FE49F00677FCE /* Resources */,
				B9DF6DAF35C16188655A4E89 /* [CP] Embed Pods Frameworks */,
			);
			buildRules = (
			);
			dependencies = (
			);
			name = "MovieNight-iOS";
			productName = "MovieNight-iOS";
			productReference = 316AC1712A0FE49F00677FCE /* MovieNight-iOS.app */;
			productType = "com.apple.product-type.application";
		};
/* End PBXNativeTarget section */

/* Begin PBXProject section */
		316AC1692A0FE49F00677FCE /* Project object */ = {
			isa = PBXProject;
			attributes = {
				BuildIndependentTargetsInParallel = 1;
				LastSwiftUpdateCheck = 1430;
				LastUpgradeCheck = 1430;
				TargetAttributes = {
					316AC1702A0FE49F00677FCE = {
						CreatedOnToolsVersion = 14.3;
					};
				};
			};
			buildConfigurationList = 316AC16C2A0FE49F00677FCE /* Build configuration list for PBXProject "MovieNight-iOS" */;
			compatibilityVersion = "Xcode 14.0";
			developmentRegion = en;
			hasScannedForEncodings = 0;
			knownRegions = (
				en,
				Base,
			);
			mainGroup = 316AC1682A0FE49F00677FCE;
			productRefGroup = 316AC1722A0FE49F00677FCE /* Products */;
			projectDirPath = "";
			projectRoot = "";
			targets = (
				316AC1702A0FE49F00677FCE /* MovieNight-iOS */,
			);
		};
/* End PBXProject section */

/* Begin PBXResourcesBuildPhase section */
		316AC16F2A0FE49F00677FCE /* Resources */ = {
			isa = PBXResourcesBuildPhase;
			buildActionMask = 2147483647;
			files = (
				31F635ED2A1A83C000D40775 /* Auth.storyboard in Resources */,
				316AC1812A0FE4A000677FCE /* LaunchScreen.storyboard in Resources */,
				316AC17E2A0FE4A000677FCE /* Assets.xcassets in Resources */,
				E7F82E642A40E3860006599D /* Poppins-Regular.ttf in Resources */,
				E7D28CDE2A151FB9001033C5 /* GoogleService-Info.plist in Resources */,
				E7EE5E662A1582AA00608DE2 /* Images.xcassets in Resources */,
				E7F82E622A40E3820006599D /* Poppins-Bold.ttf in Resources */,
				E73FB0C62A178804005B3EE6 /* Strings.strings in Resources */,
				E7F82E632A40E3840006599D /* Poppins-Bold.ttf in Resources */,
				E7F82E612A40E36F0006599D /* Poppins-Medium.ttf in Resources */,
				316AC1902A0FE5AC00677FCE /* README.md in Resources */,
				316AC17C2A0FE49F00677FCE /* Main.storyboard in Resources */,
			);
			runOnlyForDeploymentPostprocessing = 0;
		};
/* End PBXResourcesBuildPhase section */

/* Begin PBXShellScriptBuildPhase section */
		1DE85637E78842FF3C08D407 /* [CP] Check Pods Manifest.lock */ = {
			isa = PBXShellScriptBuildPhase;
			buildActionMask = 2147483647;
			files = (
			);
			inputFileListPaths = (
			);
			inputPaths = (
				"${PODS_PODFILE_DIR_PATH}/Podfile.lock",
				"${PODS_ROOT}/Manifest.lock",
			);
			name = "[CP] Check Pods Manifest.lock";
			outputFileListPaths = (
			);
			outputPaths = (
				"$(DERIVED_FILE_DIR)/Pods-MovieNight-iOS-checkManifestLockResult.txt",
			);
			runOnlyForDeploymentPostprocessing = 0;
			shellPath = /bin/sh;
			shellScript = "diff \"${PODS_PODFILE_DIR_PATH}/Podfile.lock\" \"${PODS_ROOT}/Manifest.lock\" > /dev/null\nif [ $? != 0 ] ; then\n    # print error to STDERR\n    echo \"error: The sandbox is not in sync with the Podfile.lock. Run 'pod install' or update your CocoaPods installation.\" >&2\n    exit 1\nfi\n# This output is used by Xcode 'outputs' to avoid re-running this script phase.\necho \"SUCCESS\" > \"${SCRIPT_OUTPUT_FILE_0}\"\n";
			showEnvVarsInLog = 0;
		};
		B9DF6DAF35C16188655A4E89 /* [CP] Embed Pods Frameworks */ = {
			isa = PBXShellScriptBuildPhase;
			buildActionMask = 2147483647;
			files = (
			);
			inputFileListPaths = (
				"${PODS_ROOT}/Target Support Files/Pods-MovieNight-iOS/Pods-MovieNight-iOS-frameworks-${CONFIGURATION}-input-files.xcfilelist",
			);
			name = "[CP] Embed Pods Frameworks";
			outputFileListPaths = (
				"${PODS_ROOT}/Target Support Files/Pods-MovieNight-iOS/Pods-MovieNight-iOS-frameworks-${CONFIGURATION}-output-files.xcfilelist",
			);
			runOnlyForDeploymentPostprocessing = 0;
			shellPath = /bin/sh;
			shellScript = "\"${PODS_ROOT}/Target Support Files/Pods-MovieNight-iOS/Pods-MovieNight-iOS-frameworks.sh\"\n";
			showEnvVarsInLog = 0;
		};
/* End PBXShellScriptBuildPhase section */

/* Begin PBXSourcesBuildPhase section */
		316AC16D2A0FE49F00677FCE /* Sources */ = {
			isa = PBXSourcesBuildPhase;
			buildActionMask = 2147483647;
			files = (
				13E691382A2FCE75007D09F3 /* MovieManager.swift in Sources */,
				316AC1A42A0FE81D00677FCE /* GenreSelectionHelper.swift in Sources */,
				13E691342A2FCB75007D09F3 /* MovieIds.swift in Sources */,
				316AC1A22A0FE81300677FCE /* FirebaseManager.swift in Sources */,
				316AC1AD2A0FE9C900677FCE /* ProfileViewController.swift in Sources */,
				316AC1792A0FE49F00677FCE /* AuthenticationViewController.swift in Sources */,
				316AC1A92A0FE84800677FCE /* MovieListAPI.swift in Sources */,
				E7385E632A14E1020048599B /* SignUpViewController.swift in Sources */,
				E7D28CE02A155D9E001033C5 /* Utilities.swift in Sources */,
				13E691362A2FCC48007D09F3 /* MovieDetails.swift in Sources */,
				316AC1AB2A0FE9A100677FCE /* HomeViewController.swift in Sources */,
				316AC1B32A0FEA0100677FCE /* OnboardingViewController.swift in Sources */,
				316AC1A62A0FE82A00677FCE /* SwipeManager.swift in Sources */,
				316AC1B12A0FE9F200677FCE /* BrowseViewController.swift in Sources */,
				316AC1752A0FE49F00677FCE /* AppDelegate.swift in Sources */,
				316AC1772A0FE49F00677FCE /* SceneDelegate.swift in Sources */,
				E73FB0C42A177CAC005B3EE6 /* Defaults.extension.swift in Sources */,
				316AC19E2A0FE7F800677FCE /* User.swift in Sources */,
				E7385E612A14E0F50048599B /* LoginViewController.swift in Sources */,
				316AC1A02A0FE7FF00677FCE /* Movie.swift in Sources */,
				316AC1AF2A0FE9DC00677FCE /* WatchListViewController.swift in Sources */,
				316AC1B72A0FEA8600677FCE /* SwipeBrain.swift in Sources */,
			);
			runOnlyForDeploymentPostprocessing = 0;
		};
/* End PBXSourcesBuildPhase section */

/* Begin PBXVariantGroup section */
		316AC17A2A0FE49F00677FCE /* Main.storyboard */ = {
			isa = PBXVariantGroup;
			children = (
				316AC17B2A0FE49F00677FCE /* Base */,
			);
			name = Main.storyboard;
			sourceTree = "<group>";
		};
		316AC17F2A0FE4A000677FCE /* LaunchScreen.storyboard */ = {
			isa = PBXVariantGroup;
			children = (
				316AC1802A0FE4A000677FCE /* Base */,
			);
			name = LaunchScreen.storyboard;
			sourceTree = "<group>";
		};
/* End PBXVariantGroup section */

/* Begin XCBuildConfiguration section */
		316AC1832A0FE4A000677FCE /* Debug */ = {
			isa = XCBuildConfiguration;
			buildSettings = {
				ALWAYS_SEARCH_USER_PATHS = NO;
				CLANG_ANALYZER_NONNULL = YES;
				CLANG_ANALYZER_NUMBER_OBJECT_CONVERSION = YES_AGGRESSIVE;
				CLANG_CXX_LANGUAGE_STANDARD = "gnu++20";
				CLANG_ENABLE_MODULES = YES;
				CLANG_ENABLE_OBJC_ARC = YES;
				CLANG_ENABLE_OBJC_WEAK = YES;
				CLANG_WARN_BLOCK_CAPTURE_AUTORELEASING = YES;
				CLANG_WARN_BOOL_CONVERSION = YES;
				CLANG_WARN_COMMA = YES;
				CLANG_WARN_CONSTANT_CONVERSION = YES;
				CLANG_WARN_DEPRECATED_OBJC_IMPLEMENTATIONS = YES;
				CLANG_WARN_DIRECT_OBJC_ISA_USAGE = YES_ERROR;
				CLANG_WARN_DOCUMENTATION_COMMENTS = YES;
				CLANG_WARN_EMPTY_BODY = YES;
				CLANG_WARN_ENUM_CONVERSION = YES;
				CLANG_WARN_INFINITE_RECURSION = YES;
				CLANG_WARN_INT_CONVERSION = YES;
				CLANG_WARN_NON_LITERAL_NULL_CONVERSION = YES;
				CLANG_WARN_OBJC_IMPLICIT_RETAIN_SELF = YES;
				CLANG_WARN_OBJC_LITERAL_CONVERSION = YES;
				CLANG_WARN_OBJC_ROOT_CLASS = YES_ERROR;
				CLANG_WARN_QUOTED_INCLUDE_IN_FRAMEWORK_HEADER = YES;
				CLANG_WARN_RANGE_LOOP_ANALYSIS = YES;
				CLANG_WARN_STRICT_PROTOTYPES = YES;
				CLANG_WARN_SUSPICIOUS_MOVE = YES;
				CLANG_WARN_UNGUARDED_AVAILABILITY = YES_AGGRESSIVE;
				CLANG_WARN_UNREACHABLE_CODE = YES;
				CLANG_WARN__DUPLICATE_METHOD_MATCH = YES;
				COPY_PHASE_STRIP = NO;
				DEBUG_INFORMATION_FORMAT = dwarf;
				ENABLE_STRICT_OBJC_MSGSEND = YES;
				ENABLE_TESTABILITY = YES;
				GCC_C_LANGUAGE_STANDARD = gnu11;
				GCC_DYNAMIC_NO_PIC = NO;
				GCC_NO_COMMON_BLOCKS = YES;
				GCC_OPTIMIZATION_LEVEL = 0;
				GCC_PREPROCESSOR_DEFINITIONS = (
					"DEBUG=1",
					"$(inherited)",
				);
				GCC_WARN_64_TO_32_BIT_CONVERSION = YES;
				GCC_WARN_ABOUT_RETURN_TYPE = YES_ERROR;
				GCC_WARN_UNDECLARED_SELECTOR = YES;
				GCC_WARN_UNINITIALIZED_AUTOS = YES_AGGRESSIVE;
				GCC_WARN_UNUSED_FUNCTION = YES;
				GCC_WARN_UNUSED_VARIABLE = YES;
				IPHONEOS_DEPLOYMENT_TARGET = 16.4;
				MTL_ENABLE_DEBUG_INFO = INCLUDE_SOURCE;
				MTL_FAST_MATH = YES;
				ONLY_ACTIVE_ARCH = YES;
				SDKROOT = iphoneos;
				SWIFT_ACTIVE_COMPILATION_CONDITIONS = DEBUG;
				SWIFT_OPTIMIZATION_LEVEL = "-Onone";
			};
			name = Debug;
		};
		316AC1842A0FE4A000677FCE /* Release */ = {
			isa = XCBuildConfiguration;
			buildSettings = {
				ALWAYS_SEARCH_USER_PATHS = NO;
				CLANG_ANALYZER_NONNULL = YES;
				CLANG_ANALYZER_NUMBER_OBJECT_CONVERSION = YES_AGGRESSIVE;
				CLANG_CXX_LANGUAGE_STANDARD = "gnu++20";
				CLANG_ENABLE_MODULES = YES;
				CLANG_ENABLE_OBJC_ARC = YES;
				CLANG_ENABLE_OBJC_WEAK = YES;
				CLANG_WARN_BLOCK_CAPTURE_AUTORELEASING = YES;
				CLANG_WARN_BOOL_CONVERSION = YES;
				CLANG_WARN_COMMA = YES;
				CLANG_WARN_CONSTANT_CONVERSION = YES;
				CLANG_WARN_DEPRECATED_OBJC_IMPLEMENTATIONS = YES;
				CLANG_WARN_DIRECT_OBJC_ISA_USAGE = YES_ERROR;
				CLANG_WARN_DOCUMENTATION_COMMENTS = YES;
				CLANG_WARN_EMPTY_BODY = YES;
				CLANG_WARN_ENUM_CONVERSION = YES;
				CLANG_WARN_INFINITE_RECURSION = YES;
				CLANG_WARN_INT_CONVERSION = YES;
				CLANG_WARN_NON_LITERAL_NULL_CONVERSION = YES;
				CLANG_WARN_OBJC_IMPLICIT_RETAIN_SELF = YES;
				CLANG_WARN_OBJC_LITERAL_CONVERSION = YES;
				CLANG_WARN_OBJC_ROOT_CLASS = YES_ERROR;
				CLANG_WARN_QUOTED_INCLUDE_IN_FRAMEWORK_HEADER = YES;
				CLANG_WARN_RANGE_LOOP_ANALYSIS = YES;
				CLANG_WARN_STRICT_PROTOTYPES = YES;
				CLANG_WARN_SUSPICIOUS_MOVE = YES;
				CLANG_WARN_UNGUARDED_AVAILABILITY = YES_AGGRESSIVE;
				CLANG_WARN_UNREACHABLE_CODE = YES;
				CLANG_WARN__DUPLICATE_METHOD_MATCH = YES;
				COPY_PHASE_STRIP = NO;
				DEBUG_INFORMATION_FORMAT = "dwarf-with-dsym";
				ENABLE_NS_ASSERTIONS = NO;
				ENABLE_STRICT_OBJC_MSGSEND = YES;
				GCC_C_LANGUAGE_STANDARD = gnu11;
				GCC_NO_COMMON_BLOCKS = YES;
				GCC_WARN_64_TO_32_BIT_CONVERSION = YES;
				GCC_WARN_ABOUT_RETURN_TYPE = YES_ERROR;
				GCC_WARN_UNDECLARED_SELECTOR = YES;
				GCC_WARN_UNINITIALIZED_AUTOS = YES_AGGRESSIVE;
				GCC_WARN_UNUSED_FUNCTION = YES;
				GCC_WARN_UNUSED_VARIABLE = YES;
				IPHONEOS_DEPLOYMENT_TARGET = 16.4;
				MTL_ENABLE_DEBUG_INFO = NO;
				MTL_FAST_MATH = YES;
				SDKROOT = iphoneos;
				SWIFT_COMPILATION_MODE = wholemodule;
				SWIFT_OPTIMIZATION_LEVEL = "-O";
				VALIDATE_PRODUCT = YES;
			};
			name = Release;
		};
		316AC1862A0FE4A000677FCE /* Debug */ = {
			isa = XCBuildConfiguration;
			baseConfigurationReference = 54E96FD80F4F8164426B138C /* Pods-MovieNight-iOS.debug.xcconfig */;
			buildSettings = {
				ASSETCATALOG_COMPILER_APPICON_NAME = AppIcon;
				ASSETCATALOG_COMPILER_GLOBAL_ACCENT_COLOR_NAME = AccentColor;
				CODE_SIGN_STYLE = Automatic;
				CURRENT_PROJECT_VERSION = 1;
				DEVELOPMENT_TEAM = 5T4L333V3L;
				GENERATE_INFOPLIST_FILE = YES;
				INFOPLIST_FILE = "MovieNight-iOS/Info.plist";
				INFOPLIST_KEY_CFBundleDisplayName = "Movie Night";
				INFOPLIST_KEY_LSApplicationCategoryType = "public.app-category.entertainment";
				INFOPLIST_KEY_UIApplicationSupportsIndirectInputEvents = YES;
				INFOPLIST_KEY_UILaunchStoryboardName = LaunchScreen;
				INFOPLIST_KEY_UIMainStoryboardFile = Main;
				INFOPLIST_KEY_UISupportedInterfaceOrientations = UIInterfaceOrientationPortrait;
				INFOPLIST_KEY_UISupportedInterfaceOrientations_iPad = "UIInterfaceOrientationLandscapeLeft UIInterfaceOrientationLandscapeRight UIInterfaceOrientationPortrait UIInterfaceOrientationPortraitUpsideDown";
				IPHONEOS_DEPLOYMENT_TARGET = 16.0;
				LD_RUNPATH_SEARCH_PATHS = (
					"$(inherited)",
					"@executable_path/Frameworks",
				);
				MARKETING_VERSION = 1.0;
				PRODUCT_BUNDLE_IDENTIFIER = "com.arcanium.MovieNight-iOS";
				PRODUCT_NAME = "$(TARGET_NAME)";
				SUPPORTED_PLATFORMS = "iphoneos iphonesimulator";
				SUPPORTS_MACCATALYST = NO;
				SUPPORTS_MAC_DESIGNED_FOR_IPHONE_IPAD = NO;
				SWIFT_EMIT_LOC_STRINGS = YES;
				SWIFT_VERSION = 5.0;
				TARGETED_DEVICE_FAMILY = 1;
			};
			name = Debug;
		};
		316AC1872A0FE4A000677FCE /* Release */ = {
			isa = XCBuildConfiguration;
			baseConfigurationReference = AB892657357DFF92DE10A9E2 /* Pods-MovieNight-iOS.release.xcconfig */;
			buildSettings = {
				ASSETCATALOG_COMPILER_APPICON_NAME = AppIcon;
				ASSETCATALOG_COMPILER_GLOBAL_ACCENT_COLOR_NAME = AccentColor;
				CODE_SIGN_STYLE = Automatic;
				CURRENT_PROJECT_VERSION = 1;
				DEVELOPMENT_TEAM = 5T4L333V3L;
				GENERATE_INFOPLIST_FILE = YES;
				INFOPLIST_FILE = "MovieNight-iOS/Info.plist";
				INFOPLIST_KEY_CFBundleDisplayName = "Movie Night";
				INFOPLIST_KEY_LSApplicationCategoryType = "public.app-category.entertainment";
				INFOPLIST_KEY_UIApplicationSupportsIndirectInputEvents = YES;
				INFOPLIST_KEY_UILaunchStoryboardName = LaunchScreen;
				INFOPLIST_KEY_UIMainStoryboardFile = Main;
				INFOPLIST_KEY_UISupportedInterfaceOrientations = UIInterfaceOrientationPortrait;
				INFOPLIST_KEY_UISupportedInterfaceOrientations_iPad = "UIInterfaceOrientationLandscapeLeft UIInterfaceOrientationLandscapeRight UIInterfaceOrientationPortrait UIInterfaceOrientationPortraitUpsideDown";
				IPHONEOS_DEPLOYMENT_TARGET = 16.0;
				LD_RUNPATH_SEARCH_PATHS = (
					"$(inherited)",
					"@executable_path/Frameworks",
				);
				MARKETING_VERSION = 1.0;
				PRODUCT_BUNDLE_IDENTIFIER = "com.arcanium.MovieNight-iOS";
				PRODUCT_NAME = "$(TARGET_NAME)";
				SUPPORTED_PLATFORMS = "iphoneos iphonesimulator";
				SUPPORTS_MACCATALYST = NO;
				SUPPORTS_MAC_DESIGNED_FOR_IPHONE_IPAD = NO;
				SWIFT_EMIT_LOC_STRINGS = YES;
				SWIFT_VERSION = 5.0;
				TARGETED_DEVICE_FAMILY = 1;
			};
			name = Release;
		};
/* End XCBuildConfiguration section */

/* Begin XCConfigurationList section */
		316AC16C2A0FE49F00677FCE /* Build configuration list for PBXProject "MovieNight-iOS" */ = {
			isa = XCConfigurationList;
			buildConfigurations = (
				316AC1832A0FE4A000677FCE /* Debug */,
				316AC1842A0FE4A000677FCE /* Release */,
			);
			defaultConfigurationIsVisible = 0;
			defaultConfigurationName = Release;
		};
		316AC1852A0FE4A000677FCE /* Build configuration list for PBXNativeTarget "MovieNight-iOS" */ = {
			isa = XCConfigurationList;
			buildConfigurations = (
				316AC1862A0FE4A000677FCE /* Debug */,
				316AC1872A0FE4A000677FCE /* Release */,
			);
			defaultConfigurationIsVisible = 0;
			defaultConfigurationName = Release;
		};
/* End XCConfigurationList section */
	};
	rootObject = 316AC1692A0FE49F00677FCE /* Project object */;
}
